
Microsoft Visual Studio Solution File, Format Version 12.00
# Visual Studio Version 16
VisualStudioVersion = 16.0.30804.86
MinimumVisualStudioVersion = 10.0.40219.1
Project("{FAE04EC0-301F-11D3-BF4B-00C04F79EFBC}") = "Dashboard", "Dashboard\Dashboard.csproj", "{33AA671B-D151-40D3-9145-53B523311631}"
EndProject
Global
	GlobalSection(SolutionConfigurationPlatforms) = preSolution
		Debug|Any CPU = Debug|Any CPU
		Release|Any CPU = Release|Any CPU
	EndGlobalSection
	GlobalSection(ProjectConfigurationPlatforms) = postSolution
		{33AA671B-D151-40D3-9145-53B523311631}.Debug|Any CPU.ActiveCfg = Debug|Any CPU
		{33AA671B-D151-40D3-9145-53B523311631}.Debug|Any CPU.Build.0 = Debug|Any CPU
		{33AA671B-D151-40D3-9145-53B523311631}.Release|Any CPU.ActiveCfg = Release|Any CPU
		{33AA671B-D151-40D3-9145-53B523311631}.Release|Any CPU.Build.0 = Release|Any CPU
	EndGlobalSection
	GlobalSection(SolutionProperties) = preSolution
		HideSolutionNode = FALSE
	EndGlobalSection
	GlobalSection(ExtensibilityGlobals) = postSolution
		SolutionGuid = {F499D12A-EAC4-4268-92D5-CF4C759B4230}
	EndGlobalSection
EndGlobal
