
Microsoft Visual Studio Solution File, Format Version 12.00
# Visual Studio Version 16
VisualStudioVersion = 16.0.30907.101
MinimumVisualStudioVersion = 10.0.40219.1
Project("{FAE04EC0-301F-11D3-BF4B-00C04F79EFBC}") = "Pomodoro", "Pomodoro\Pomodoro.csproj", "{DD866BD6-84E3-4612-BE47-C42CC2945B6E}"
EndProject
Global
	GlobalSection(SolutionConfigurationPlatforms) = preSolution
		Debug|Any CPU = Debug|Any CPU
		Release|Any CPU = Release|Any CPU
	EndGlobalSection
	GlobalSection(ProjectConfigurationPlatforms) = postSolution
		{DD866BD6-84E3-4612-BE47-C42CC2945B6E}.Debug|Any CPU.ActiveCfg = Debug|Any CPU
		{DD866BD6-84E3-4612-BE47-C42CC2945B6E}.Debug|Any CPU.Build.0 = Debug|Any CPU
		{DD866BD6-84E3-4612-BE47-C42CC2945B6E}.Release|Any CPU.ActiveCfg = Release|Any CPU
		{DD866BD6-84E3-4612-BE47-C42CC2945B6E}.Release|Any CPU.Build.0 = Release|Any CPU
	EndGlobalSection
	GlobalSection(SolutionProperties) = preSolution
		HideSolutionNode = FALSE
	EndGlobalSection
	GlobalSection(ExtensibilityGlobals) = postSolution
		SolutionGuid = {0F1F1688-B5BF-4A4B-9179-E0132A16F4C1}
	EndGlobalSection
EndGlobal
