
Microsoft Visual Studio Solution File, Format Version 12.00
# Visual Studio Version 16
VisualStudioVersion = 16.0.30804.86
MinimumVisualStudioVersion = 10.0.40219.1
Project("{9A19103F-16F7-4668-BE54-9A1E7A4F7556}") = "ProductSearch", "C:\Users\cm\Downloads\ThucTap-main\19-01-2021_WASMToSV\ProductSearchFilter\ProductSearchFilter\ProductSearch.csproj", "{198838FC-7CDF-4571-96A3-DAB69286C121}"
EndProject
Global
	GlobalSection(SolutionConfigurationPlatforms) = preSolution
		Debug|Any CPU = Debug|Any CPU
		Release|Any CPU = Release|Any CPU
	EndGlobalSection
	GlobalSection(ProjectConfigurationPlatforms) = postSolution
		{198838FC-7CDF-4571-96A3-DAB69286C121}.Debug|Any CPU.ActiveCfg = Debug|Any CPU
		{198838FC-7CDF-4571-96A3-DAB69286C121}.Debug|Any CPU.Build.0 = Debug|Any CPU
		{198838FC-7CDF-4571-96A3-DAB69286C121}.Release|Any CPU.ActiveCfg = Release|Any CPU
		{198838FC-7CDF-4571-96A3-DAB69286C121}.Release|Any CPU.Build.0 = Release|Any CPU
	EndGlobalSection
	GlobalSection(SolutionProperties) = preSolution
		HideSolutionNode = FALSE
	EndGlobalSection
	GlobalSection(ExtensibilityGlobals) = postSolution
		SolutionGuid = {354C4898-A617-4E68-ACD9-8C2424363D88}
	EndGlobalSection
EndGlobal
